
Microsoft Visual Studio Solution File, Format Version 12.00
# Visual Studio Version 17
VisualStudioVersion = 17.0.31903.59
MinimumVisualStudioVersion = 10.0.40219.1
Project("{2150E333-8FDC-42A3-9474-1A3956D46DE8}") = "misc", "misc", "{3BD24984-1738-484C-9C7D-30883E194712}"
EndProject
Project("{FAE04EC0-301F-11D3-BF4B-00C04F79EFBC}") = "Playground", "misc\Playground\Playground.csproj", "{898E2CA2-D466-4F19-B004-1FBDE0B94C73}"
EndProject
Project("{2150E333-8FDC-42A3-9474-1A3956D46DE8}") = "common", "common", "{184EA3C5-3404-483C-BDF8-0FBE5A21A2A2}"
EndProject
Project("{FAE04EC0-301F-11D3-BF4B-00C04F79EFBC}") = "Common.Abstractions", "common\Common.Abstractions\Common.Abstractions.csproj", "{1974F077-EBB3-4162-8BB1-43375E3BBE1E}"
EndProject
Project("{FAE04EC0-301F-11D3-BF4B-00C04F79EFBC}") = "Common", "common\Common\Common.csproj", "{737B5FED-DAE8-4F0A-8F5E-43B2FD44AFB2}"
EndProject
Project("{2150E333-8FDC-42A3-9474-1A3956D46DE8}") = "reading", "reading", "{8F76F0D3-6699-4207-A697-AE7AF1CE0C70}"
EndProject
Project("{FAE04EC0-301F-11D3-BF4B-00C04F79EFBC}") = "Reading.Abstractions", "reading\Reading.Abstractions\Reading.Abstractions.csproj", "{5B747C39-1926-4CBA-B799-C58C3FFCA9E4}"
EndProject
Project("{FAE04EC0-301F-11D3-BF4B-00C04F79EFBC}") = "Reading", "reading\Reading\Reading.csproj", "{BF5DB19F-6092-4792-9EAC-0679B3611A50}"
EndProject
Project("{2150E333-8FDC-42A3-9474-1A3956D46DE8}") = "writing", "writing", "{B0930F63-222F-49D2-A1E7-600D7B119172}"
EndProject
Project("{FAE04EC0-301F-11D3-BF4B-00C04F79EFBC}") = "Writing.Abstractions", "writing\Writing.Abstractions\Writing.Abstractions.csproj", "{10E8B158-464D-474F-9F73-35A1F95F2606}"
EndProject
Project("{FAE04EC0-301F-11D3-BF4B-00C04F79EFBC}") = "Writing", "writing\Writing\Writing.csproj", "{C1B494B3-2FC1-449E-9C3E-BB2F673CBB56}"
EndProject
Global
	GlobalSection(SolutionConfigurationPlatforms) = preSolution
		Debug|Any CPU = Debug|Any CPU
		Release|Any CPU = Release|Any CPU
	EndGlobalSection
	GlobalSection(ProjectConfigurationPlatforms) = postSolution
		{898E2CA2-D466-4F19-B004-1FBDE0B94C73}.Debug|Any CPU.ActiveCfg = Debug|Any CPU
		{898E2CA2-D466-4F19-B004-1FBDE0B94C73}.Debug|Any CPU.Build.0 = Debug|Any CPU
		{898E2CA2-D466-4F19-B004-1FBDE0B94C73}.Release|Any CPU.ActiveCfg = Release|Any CPU
		{898E2CA2-D466-4F19-B004-1FBDE0B94C73}.Release|Any CPU.Build.0 = Release|Any CPU
		{1974F077-EBB3-4162-8BB1-43375E3BBE1E}.Debug|Any CPU.ActiveCfg = Debug|Any CPU
		{1974F077-EBB3-4162-8BB1-43375E3BBE1E}.Debug|Any CPU.Build.0 = Debug|Any CPU
		{1974F077-EBB3-4162-8BB1-43375E3BBE1E}.Release|Any CPU.ActiveCfg = Release|Any CPU
		{1974F077-EBB3-4162-8BB1-43375E3BBE1E}.Release|Any CPU.Build.0 = Release|Any CPU
		{737B5FED-DAE8-4F0A-8F5E-43B2FD44AFB2}.Debug|Any CPU.ActiveCfg = Debug|Any CPU
		{737B5FED-DAE8-4F0A-8F5E-43B2FD44AFB2}.Debug|Any CPU.Build.0 = Debug|Any CPU
		{737B5FED-DAE8-4F0A-8F5E-43B2FD44AFB2}.Release|Any CPU.ActiveCfg = Release|Any CPU
		{737B5FED-DAE8-4F0A-8F5E-43B2FD44AFB2}.Release|Any CPU.Build.0 = Release|Any CPU
		{5B747C39-1926-4CBA-B799-C58C3FFCA9E4}.Debug|Any CPU.ActiveCfg = Debug|Any CPU
		{5B747C39-1926-4CBA-B799-C58C3FFCA9E4}.Debug|Any CPU.Build.0 = Debug|Any CPU
		{5B747C39-1926-4CBA-B799-C58C3FFCA9E4}.Release|Any CPU.ActiveCfg = Release|Any CPU
		{5B747C39-1926-4CBA-B799-C58C3FFCA9E4}.Release|Any CPU.Build.0 = Release|Any CPU
		{BF5DB19F-6092-4792-9EAC-0679B3611A50}.Debug|Any CPU.ActiveCfg = Debug|Any CPU
		{BF5DB19F-6092-4792-9EAC-0679B3611A50}.Debug|Any CPU.Build.0 = Debug|Any CPU
		{BF5DB19F-6092-4792-9EAC-0679B3611A50}.Release|Any CPU.ActiveCfg = Release|Any CPU
		{BF5DB19F-6092-4792-9EAC-0679B3611A50}.Release|Any CPU.Build.0 = Release|Any CPU
		{10E8B158-464D-474F-9F73-35A1F95F2606}.Debug|Any CPU.ActiveCfg = Debug|Any CPU
		{10E8B158-464D-474F-9F73-35A1F95F2606}.Debug|Any CPU.Build.0 = Debug|Any CPU
		{10E8B158-464D-474F-9F73-35A1F95F2606}.Release|Any CPU.ActiveCfg = Release|Any CPU
		{10E8B158-464D-474F-9F73-35A1F95F2606}.Release|Any CPU.Build.0 = Release|Any CPU
		{C1B494B3-2FC1-449E-9C3E-BB2F673CBB56}.Debug|Any CPU.ActiveCfg = Debug|Any CPU
		{C1B494B3-2FC1-449E-9C3E-BB2F673CBB56}.Debug|Any CPU.Build.0 = Debug|Any CPU
		{C1B494B3-2FC1-449E-9C3E-BB2F673CBB56}.Release|Any CPU.ActiveCfg = Release|Any CPU
		{C1B494B3-2FC1-449E-9C3E-BB2F673CBB56}.Release|Any CPU.Build.0 = Release|Any CPU
	EndGlobalSection
	GlobalSection(SolutionProperties) = preSolution
		HideSolutionNode = FALSE
	EndGlobalSection
	GlobalSection(NestedProjects) = preSolution
		{898E2CA2-D466-4F19-B004-1FBDE0B94C73} = {3BD24984-1738-484C-9C7D-30883E194712}
		{1974F077-EBB3-4162-8BB1-43375E3BBE1E} = {184EA3C5-3404-483C-BDF8-0FBE5A21A2A2}
		{737B5FED-DAE8-4F0A-8F5E-43B2FD44AFB2} = {184EA3C5-3404-483C-BDF8-0FBE5A21A2A2}
		{5B747C39-1926-4CBA-B799-C58C3FFCA9E4} = {8F76F0D3-6699-4207-A697-AE7AF1CE0C70}
		{BF5DB19F-6092-4792-9EAC-0679B3611A50} = {8F76F0D3-6699-4207-A697-AE7AF1CE0C70}
		{10E8B158-464D-474F-9F73-35A1F95F2606} = {B0930F63-222F-49D2-A1E7-600D7B119172}
		{C1B494B3-2FC1-449E-9C3E-BB2F673CBB56} = {B0930F63-222F-49D2-A1E7-600D7B119172}
	EndGlobalSection
	GlobalSection(ExtensibilityGlobals) = postSolution
		SolutionGuid = {4048B649-33D9-487E-807F-681CAD1D9F37}
	EndGlobalSection
EndGlobal
