
Microsoft Visual Studio Solution File, Format Version 12.00
# Visual Studio Version 17
VisualStudioVersion = 17.0.31903.59
MinimumVisualStudioVersion = 10.0.40219.1
Project("{2150E333-8FDC-42A3-9474-1A3956D46DE8}") = "misc", "misc", "{3BD24984-1738-484C-9C7D-30883E194712}"
EndProject
Project("{FAE04EC0-301F-11D3-BF4B-00C04F79EFBC}") = "Playground", "misc\Playground\Playground.csproj", "{898E2CA2-D466-4F19-B004-1FBDE0B94C73}"
EndProject
Global
	GlobalSection(SolutionConfigurationPlatforms) = preSolution
		Debug|Any CPU = Debug|Any CPU
		Release|Any CPU = Release|Any CPU
	EndGlobalSection
	GlobalSection(ProjectConfigurationPlatforms) = postSolution
		{898E2CA2-D466-4F19-B004-1FBDE0B94C73}.Debug|Any CPU.ActiveCfg = Debug|Any CPU
		{898E2CA2-D466-4F19-B004-1FBDE0B94C73}.Debug|Any CPU.Build.0 = Debug|Any CPU
		{898E2CA2-D466-4F19-B004-1FBDE0B94C73}.Release|Any CPU.ActiveCfg = Release|Any CPU
		{898E2CA2-D466-4F19-B004-1FBDE0B94C73}.Release|Any CPU.Build.0 = Release|Any CPU
	EndGlobalSection
	GlobalSection(SolutionProperties) = preSolution
		HideSolutionNode = FALSE
	EndGlobalSection
	GlobalSection(NestedProjects) = preSolution
		{898E2CA2-D466-4F19-B004-1FBDE0B94C73} = {3BD24984-1738-484C-9C7D-30883E194712}
	EndGlobalSection
	GlobalSection(ExtensibilityGlobals) = postSolution
		SolutionGuid = {4048B649-33D9-487E-807F-681CAD1D9F37}
	EndGlobalSection
EndGlobal
